{
  "name": "rupt_test",
  "lockfileVersion": 3,
  "requires": true,
  "packages": {
    "": {
      "dependencies": {
        "rupt": "^2.24.0"
      }
    },
    "node_modules/@ruptjs/fingerprint": {
      "version": "1.0.10",
      "resolved": "https://registry.npmjs.org/@ruptjs/fingerprint/-/fingerprint-1.0.10.tgz",
      "integrity": "sha512-rzv24aySPMA3HysMbqxST6ob0AHgyKQc1UPKTr+BfrLPsAK3HE1SPK8CvN4L1Ess8M76s8psgK8BzZ2n+lr+qw==",
      "license": "MIT"
    },
    "node_modules/rupt": {
      "version": "2.24.0",
      "resolved": "https://registry.npmjs.org/rupt/-/rupt-2.24.0.tgz",
      "integrity": "sha512-xqUPb1Cd55vqFeJ2Kq1cU/MqdY0drJvqGI6InjnNPmncGu49cmsp/BuaDEJJ0OG7v/XX0oNdky92LkF9pbyWhQ==",
      "license": "MIT",
      "dependencies": {
        "@ruptjs/fingerprint": "^1.0.10"
      }
    }
  }
}
