# THIS IS AN AUTOGENERATED FILE. DO NOT EDIT THIS FILE DIRECTLY.
# yarn lockfile v1


"@ruptjs/fingerprint@^1.0.10":
  version "1.0.10"
  resolved "https://registry.yarnpkg.com/@ruptjs/fingerprint/-/fingerprint-1.0.10.tgz#cd0c93a9b2e76d4fad961fc0a70a3fcd1e6a1f58"
  integrity sha512-rzv24aySPMA3HysMbqxST6ob0AHgyKQc1UPKTr+BfrLPsAK3HE1SPK8CvN4L1Ess8M76s8psgK8BzZ2n+lr+qw==

rupt@^2.24.0:
  version "2.24.0"
  resolved "https://registry.yarnpkg.com/rupt/-/rupt-2.24.0.tgz#9053f0f244e064e104568c5f232a715663e3d6d5"
  integrity sha512-xqUPb1Cd55vqFeJ2Kq1cU/MqdY0drJvqGI6InjnNPmncGu49cmsp/BuaDEJJ0OG7v/XX0oNdky92LkF9pbyWhQ==
  dependencies:
    "@ruptjs/fingerprint" "^1.0.10"
